{
  "originHash" : "1665d319fff28e99fba0f705d06ef324c85934b818724492e3771c8d47a1e60f",
  "pins" : [
    {
      "identity" : "darwinprivateframeworks",
      "kind" : "remoteSourceControl",
      "location" : "https://github.com/OpenSwiftUIProject/DarwinPrivateFrameworks.git",
      "state" : {
        "branch" : "main",
        "revision" : "18d26f5dcc334468fad0904697233faeb41a1805"
      }
    }
  ],
  "version" : 3
}
